
Microsoft Visual Studio Solution File, Format Version 12.00
# Visual Studio Version 16
VisualStudioVersion = 16.0.29806.167
MinimumVisualStudioVersion = 10.0.40219.1
Project("{8BC9CEB8-8B4A-11D0-8D11-00A0C91BC942}") = "n body", "n body.vcxproj", "{D5BC5714-2473-4645-9C09-4ADF8F4F89AE}"
EndProject
Global
	GlobalSection(SolutionConfigurationPlatforms) = preSolution
		Debug|x64 = Debug|x64
		Release|x64 = Release|x64
	EndGlobalSection
	GlobalSection(ProjectConfigurationPlatforms) = postSolution
		{D5BC5714-2473-4645-9C09-4ADF8F4F89AE}.Debug|x64.ActiveCfg = Debug|x64
		{D5BC5714-2473-4645-9C09-4ADF8F4F89AE}.Debug|x64.Build.0 = Debug|x64
		{D5BC5714-2473-4645-9C09-4ADF8F4F89AE}.Release|x64.ActiveCfg = Release|x64
		{D5BC5714-2473-4645-9C09-4ADF8F4F89AE}.Release|x64.Build.0 = Release|x64
	EndGlobalSection
	GlobalSection(SolutionProperties) = preSolution
		HideSolutionNode = FALSE
	EndGlobalSection
	GlobalSection(ExtensibilityGlobals) = postSolution
		SolutionGuid = {A23C55DF-E06D-4FF4-8427-5FAA3096BE42}
	EndGlobalSection
EndGlobal
